
Microsoft Visual Studio Solution File, Format Version 12.00
# Visual Studio Version 17
VisualStudioVersion = 17.1.32228.430
MinimumVisualStudioVersion = 10.0.40219.1
Project("{2150E333-8FDC-42A3-9474-1A3956D46DE8}") = "Demo_MsSQL", "Demo_MsSQL", "{1140EBB7-3D04-4936-B893-FC46D34B8D01}"
EndProject
Project("{9A19103F-16F7-4668-BE54-9A1E7A4F7556}") = "Demo.Phenix.Core.Data.Schema", "Demo_MsSQL\Demo.Phenix.Core.Data.Schema\Demo.Phenix.Core.Data.Schema.csproj", "{D1679C40-A8C3-4312-BDBD-01E9E8E929D4}"
EndProject
Project("{9A19103F-16F7-4668-BE54-9A1E7A4F7556}") = "Demo.Phenix.Core.Data.Common.DataReader", "Demo_MsSQL\Demo.Phenix.Core.Data.Common.DataReader\Demo.Phenix.Core.Data.Common.DataReader.csproj", "{05C63702-BE99-445E-BE8F-EBE894FFB8C6}"
EndProject
Project("{9A19103F-16F7-4668-BE54-9A1E7A4F7556}") = "Demo.Phenix.Core.Log.EventLog", "Demo_MsSQL\Demo.Phenix.Core.Log.EventLog\Demo.Phenix.Core.Log.EventLog.csproj", "{8869A4BE-402C-4956-B7B5-EC79C934E30F}"
EndProject
Project("{9A19103F-16F7-4668-BE54-9A1E7A4F7556}") = "Phenix.Services.Host_MsSQL", "Phenix.Services.Host\Phenix.Services.Host_MsSQL.csproj", "{EEC4928E-95B4-4BCA-B3E6-5471652D7B7E}"
	ProjectSection(ProjectDependencies) = postProject
		{16542B94-D102-4EA5-ADD2-7C6585B25579} = {16542B94-D102-4EA5-ADD2-7C6585B25579}
		{32D004C1-6003-41D9-8083-ADCD364C6CD2} = {32D004C1-6003-41D9-8083-ADCD364C6CD2}
	EndProjectSection
EndProject
Project("{9A19103F-16F7-4668-BE54-9A1E7A4F7556}") = "Phenix.Business_MsSQL", "Phenix.Business\Phenix.Business_MsSQL.csproj", "{68F18727-70A8-4A5F-A5B6-450833D13EDB}"
EndProject
Project("{2150E333-8FDC-42A3-9474-1A3956D46DE8}") = "Phenix.Tools", "Phenix.Tools", "{A79F9106-9EC1-466F-9B28-F900864DD399}"
EndProject
Project("{9A19103F-16F7-4668-BE54-9A1E7A4F7556}") = "Phenix.Tools.EntityBuilder_MsSQL", "Phenix.Tools\Phenix.Tools.EntityBuilder\Phenix.Tools.EntityBuilder_MsSQL.csproj", "{ECF26CCC-03EA-449C-9995-E57302215B5E}"
EndProject
Project("{9A19103F-16F7-4668-BE54-9A1E7A4F7556}") = "Phenix.Tools.BusinessBuilder_MsSQL", "Phenix.Tools\Phenix.Tools.BusinessBuilder\Phenix.Tools.BusinessBuilder_MsSQL.csproj", "{B4CCFD5E-6B2C-42A0-ADED-E3711947E10F}"
EndProject
Project("{9A19103F-16F7-4668-BE54-9A1E7A4F7556}") = "Phenix.Tools.CreateKeyPair_MsSQL", "Phenix.Tools\Phenix.Tools.CreateKeyPair\Phenix.Tools.CreateKeyPair_MsSQL.csproj", "{ED3FD1A7-BB65-43C1-B4C9-521A9F940A85}"
EndProject
Project("{9A19103F-16F7-4668-BE54-9A1E7A4F7556}") = "Demo.Phenix.Core.Data.Sequence", "Demo_MsSQL\Demo.Phenix.Core.Data.Sequence\Demo.Phenix.Core.Data.Sequence.csproj", "{05432C34-8F5A-4BDA-831E-663256E2EE05}"
EndProject
Project("{9A19103F-16F7-4668-BE54-9A1E7A4F7556}") = "Demo.Phenix.Core.Data.Increment", "Demo_MsSQL\Demo.Phenix.Core.Data.Increment\Demo.Phenix.Core.Data.Increment.csproj", "{0FE74B3F-00AC-4876-AD44-91CDE0F981DB}"
EndProject
Project("{9A19103F-16F7-4668-BE54-9A1E7A4F7556}") = "Phenix.Actor_MsSQL", "Phenix.Actor\Phenix.Actor_MsSQL.csproj", "{16542B94-D102-4EA5-ADD2-7C6585B25579}"
EndProject
Project("{9A19103F-16F7-4668-BE54-9A1E7A4F7556}") = "Phenix.Services.Plugin_MsSQL", "Phenix.Services.Plugin\Phenix.Services.Plugin_MsSQL.csproj", "{32D004C1-6003-41D9-8083-ADCD364C6CD2}"
	ProjectSection(ProjectDependencies) = postProject
		{92A65CA1-5A6B-48F8-89D0-FAD6165908EA} = {92A65CA1-5A6B-48F8-89D0-FAD6165908EA}
		{1E4A6CC7-7FD6-4079-9844-324C9D6573BF} = {1E4A6CC7-7FD6-4079-9844-324C9D6573BF}
	EndProjectSection
EndProject
Project("{9A19103F-16F7-4668-BE54-9A1E7A4F7556}") = "Phenix.Algorithm_MsSQL", "Phenix.Algorithm\Phenix.Algorithm_MsSQL.csproj", "{25E424E1-9A89-4989-9098-04F2A2CD941A}"
EndProject
Project("{9A19103F-16F7-4668-BE54-9A1E7A4F7556}") = "Phenix.Services.Extend_MsSQL", "Phenix.Services.Extend\Phenix.Services.Extend_MsSQL.csproj", "{4FB6D7E3-5063-4258-A7C3-A8401C3C8227}"
	ProjectSection(ProjectDependencies) = postProject
		{92A65CA1-5A6B-48F8-89D0-FAD6165908EA} = {92A65CA1-5A6B-48F8-89D0-FAD6165908EA}
		{1E4A6CC7-7FD6-4079-9844-324C9D6573BF} = {1E4A6CC7-7FD6-4079-9844-324C9D6573BF}
	EndProjectSection
EndProject
Project("{2150E333-8FDC-42A3-9474-1A3956D46DE8}") = "Phenix.Client", "Phenix.Client", "{D699CC37-CB5A-4A28-96E9-D75A55CD828A}"
EndProject
Project("{2150E333-8FDC-42A3-9474-1A3956D46DE8}") = "lib", "lib", "{62DFAED0-722A-462A-BEB9-3C5526578985}"
	ProjectSection(SolutionItems) = preProject
		Phenix.Client\lib\jquery.base64.js = Phenix.Client\lib\jquery.base64.js
		Phenix.Client\lib\jquery.cookie.js = Phenix.Client\lib\jquery.cookie.js
		Phenix.Client\lib\jquery.min.js = Phenix.Client\lib\jquery.min.js
		Phenix.Client\lib\json2.js = Phenix.Client\lib\json2.js
		Phenix.Client\lib\phenix7.js = Phenix.Client\lib\phenix7.js
		Phenix.Client\lib\signalr.js = Phenix.Client\lib\signalr.js
		Phenix.Client\lib\signalr.js.map = Phenix.Client\lib\signalr.js.map
		Phenix.Client\lib\signalr.min.js = Phenix.Client\lib\signalr.min.js
		Phenix.Client\lib\signalr.min.js.map = Phenix.Client\lib\signalr.min.js.map
	EndProjectSection
EndProject
Project("{2150E333-8FDC-42A3-9474-1A3956D46DE8}") = "test", "test", "{D2F49C2F-D51C-4391-B8C6-35A65D427A71}"
	ProjectSection(SolutionItems) = preProject
		Phenix.Client\test\file.html = Phenix.Client\test\file.html
		Phenix.Client\test\user-message.html = Phenix.Client\test\user-message.html
	EndProjectSection
EndProject
Project("{2150E333-8FDC-42A3-9474-1A3956D46DE8}") = "crypto-js", "crypto-js", "{EB7F7FE4-F183-4893-83CF-3DB21DF4397B}"
	ProjectSection(SolutionItems) = preProject
		Phenix.Client\lib\crypto-js\aes-min.js = Phenix.Client\lib\crypto-js\aes-min.js
		Phenix.Client\lib\crypto-js\cipher-core-min.js = Phenix.Client\lib\crypto-js\cipher-core-min.js
		Phenix.Client\lib\crypto-js\core-min.js = Phenix.Client\lib\crypto-js\core-min.js
		Phenix.Client\lib\crypto-js\enc-base64-min.js = Phenix.Client\lib\crypto-js\enc-base64-min.js
		Phenix.Client\lib\crypto-js\md5-min.js = Phenix.Client\lib\crypto-js\md5-min.js
	EndProjectSection
EndProject
Project("{9A19103F-16F7-4668-BE54-9A1E7A4F7556}") = "Phenix.TPT.Plugin_MsSQL", "Phenix.TPT.Plugin\Phenix.TPT.Plugin_MsSQL.csproj", "{AF3C29CB-9625-42EC-9F17-F31FF013818A}"
	ProjectSection(ProjectDependencies) = postProject
		{AEB58823-D28A-4FDD-9398-ABDC0ECE28D3} = {AEB58823-D28A-4FDD-9398-ABDC0ECE28D3}
		{8BE21DC8-7E08-42B7-9385-35BD0B7F2E4A} = {8BE21DC8-7E08-42B7-9385-35BD0B7F2E4A}
	EndProjectSection
EndProject
Project("{9A19103F-16F7-4668-BE54-9A1E7A4F7556}") = "Phenix.TPT.Business_MsSQL", "Phenix.TPT.Business\Phenix.TPT.Business_MsSQL.csproj", "{AEB58823-D28A-4FDD-9398-ABDC0ECE28D3}"
	ProjectSection(ProjectDependencies) = postProject
		{68F18727-70A8-4A5F-A5B6-450833D13EDB} = {68F18727-70A8-4A5F-A5B6-450833D13EDB}
	EndProjectSection
EndProject
Project("{9A19103F-16F7-4668-BE54-9A1E7A4F7556}") = "Phenix.TPT.Contract_MsSQL", "Phenix.TPT.Contract\Phenix.TPT.Contract_MsSQL.csproj", "{8BE21DC8-7E08-42B7-9385-35BD0B7F2E4A}"
	ProjectSection(ProjectDependencies) = postProject
		{AEB58823-D28A-4FDD-9398-ABDC0ECE28D3} = {AEB58823-D28A-4FDD-9398-ABDC0ECE28D3}
	EndProjectSection
EndProject
Project("{9A19103F-16F7-4668-BE54-9A1E7A4F7556}") = "Phenix.Services.Contract_MsSQL", "Phenix.Services.Contract\Phenix.Services.Contract_MsSQL.csproj", "{1E4A6CC7-7FD6-4079-9844-324C9D6573BF}"
	ProjectSection(ProjectDependencies) = postProject
		{16542B94-D102-4EA5-ADD2-7C6585B25579} = {16542B94-D102-4EA5-ADD2-7C6585B25579}
		{92A65CA1-5A6B-48F8-89D0-FAD6165908EA} = {92A65CA1-5A6B-48F8-89D0-FAD6165908EA}
	EndProjectSection
EndProject
Project("{9A19103F-16F7-4668-BE54-9A1E7A4F7556}") = "Phenix.Services.Business_MsSQL", "Phenix.Services.Business\Phenix.Services.Business_MsSQL.csproj", "{92A65CA1-5A6B-48F8-89D0-FAD6165908EA}"
	ProjectSection(ProjectDependencies) = postProject
		{68F18727-70A8-4A5F-A5B6-450833D13EDB} = {68F18727-70A8-4A5F-A5B6-450833D13EDB}
	EndProjectSection
EndProject
Project("{9092AA53-FB77-4645-B42D-1CCCA6BD08BD}") = "Phenix.TPT.WebApp", "Phenix.TPT.WebApp\Phenix.TPT.WebApp.njsproj", "{C54F28DB-323B-4F17-A2EB-B31D0A473C41}"
EndProject
Project("{9A19103F-16F7-4668-BE54-9A1E7A4F7556}") = "Demo.Phenix.Algorithm.CombinatorialOptimization.ZeroOneKnapsack", "Demo_MsSQL\Demo.Phenix.Algorithm.CombinatorialOptimization.ZeroOneKnapsack\Demo.Phenix.Algorithm.CombinatorialOptimization.ZeroOneKnapsack.csproj", "{74E65BB3-D42C-4CF5-9AFB-A1F307364B80}"
EndProject
Global
	GlobalSection(SolutionConfigurationPlatforms) = preSolution
		Debug|Any CPU = Debug|Any CPU
		Release|Any CPU = Release|Any CPU
	EndGlobalSection
	GlobalSection(ProjectConfigurationPlatforms) = postSolution
		{D1679C40-A8C3-4312-BDBD-01E9E8E929D4}.Debug|Any CPU.ActiveCfg = Debug|Any CPU
		{D1679C40-A8C3-4312-BDBD-01E9E8E929D4}.Debug|Any CPU.Build.0 = Debug|Any CPU
		{D1679C40-A8C3-4312-BDBD-01E9E8E929D4}.Release|Any CPU.ActiveCfg = Release|Any CPU
		{D1679C40-A8C3-4312-BDBD-01E9E8E929D4}.Release|Any CPU.Build.0 = Release|Any CPU
		{05C63702-BE99-445E-BE8F-EBE894FFB8C6}.Debug|Any CPU.ActiveCfg = Debug|Any CPU
		{05C63702-BE99-445E-BE8F-EBE894FFB8C6}.Debug|Any CPU.Build.0 = Debug|Any CPU
		{05C63702-BE99-445E-BE8F-EBE894FFB8C6}.Release|Any CPU.ActiveCfg = Release|Any CPU
		{05C63702-BE99-445E-BE8F-EBE894FFB8C6}.Release|Any CPU.Build.0 = Release|Any CPU
		{8869A4BE-402C-4956-B7B5-EC79C934E30F}.Debug|Any CPU.ActiveCfg = Debug|Any CPU
		{8869A4BE-402C-4956-B7B5-EC79C934E30F}.Debug|Any CPU.Build.0 = Debug|Any CPU
		{8869A4BE-402C-4956-B7B5-EC79C934E30F}.Release|Any CPU.ActiveCfg = Release|Any CPU
		{8869A4BE-402C-4956-B7B5-EC79C934E30F}.Release|Any CPU.Build.0 = Release|Any CPU
		{EEC4928E-95B4-4BCA-B3E6-5471652D7B7E}.Debug|Any CPU.ActiveCfg = Debug|Any CPU
		{EEC4928E-95B4-4BCA-B3E6-5471652D7B7E}.Debug|Any CPU.Build.0 = Debug|Any CPU
		{EEC4928E-95B4-4BCA-B3E6-5471652D7B7E}.Release|Any CPU.ActiveCfg = Release|Any CPU
		{EEC4928E-95B4-4BCA-B3E6-5471652D7B7E}.Release|Any CPU.Build.0 = Release|Any CPU
		{68F18727-70A8-4A5F-A5B6-450833D13EDB}.Debug|Any CPU.ActiveCfg = Debug|Any CPU
		{68F18727-70A8-4A5F-A5B6-450833D13EDB}.Debug|Any CPU.Build.0 = Debug|Any CPU
		{68F18727-70A8-4A5F-A5B6-450833D13EDB}.Release|Any CPU.ActiveCfg = Release|Any CPU
		{68F18727-70A8-4A5F-A5B6-450833D13EDB}.Release|Any CPU.Build.0 = Release|Any CPU
		{ECF26CCC-03EA-449C-9995-E57302215B5E}.Debug|Any CPU.ActiveCfg = Debug|Any CPU
		{ECF26CCC-03EA-449C-9995-E57302215B5E}.Debug|Any CPU.Build.0 = Debug|Any CPU
		{ECF26CCC-03EA-449C-9995-E57302215B5E}.Release|Any CPU.ActiveCfg = Release|Any CPU
		{ECF26CCC-03EA-449C-9995-E57302215B5E}.Release|Any CPU.Build.0 = Release|Any CPU
		{B4CCFD5E-6B2C-42A0-ADED-E3711947E10F}.Debug|Any CPU.ActiveCfg = Debug|Any CPU
		{B4CCFD5E-6B2C-42A0-ADED-E3711947E10F}.Debug|Any CPU.Build.0 = Debug|Any CPU
		{B4CCFD5E-6B2C-42A0-ADED-E3711947E10F}.Release|Any CPU.ActiveCfg = Release|Any CPU
		{B4CCFD5E-6B2C-42A0-ADED-E3711947E10F}.Release|Any CPU.Build.0 = Release|Any CPU
		{ED3FD1A7-BB65-43C1-B4C9-521A9F940A85}.Debug|Any CPU.ActiveCfg = Debug|Any CPU
		{ED3FD1A7-BB65-43C1-B4C9-521A9F940A85}.Debug|Any CPU.Build.0 = Debug|Any CPU
		{ED3FD1A7-BB65-43C1-B4C9-521A9F940A85}.Release|Any CPU.ActiveCfg = Release|Any CPU
		{ED3FD1A7-BB65-43C1-B4C9-521A9F940A85}.Release|Any CPU.Build.0 = Release|Any CPU
		{05432C34-8F5A-4BDA-831E-663256E2EE05}.Debug|Any CPU.ActiveCfg = Debug|Any CPU
		{05432C34-8F5A-4BDA-831E-663256E2EE05}.Debug|Any CPU.Build.0 = Debug|Any CPU
		{05432C34-8F5A-4BDA-831E-663256E2EE05}.Release|Any CPU.ActiveCfg = Release|Any CPU
		{05432C34-8F5A-4BDA-831E-663256E2EE05}.Release|Any CPU.Build.0 = Release|Any CPU
		{0FE74B3F-00AC-4876-AD44-91CDE0F981DB}.Debug|Any CPU.ActiveCfg = Debug|Any CPU
		{0FE74B3F-00AC-4876-AD44-91CDE0F981DB}.Debug|Any CPU.Build.0 = Debug|Any CPU
		{0FE74B3F-00AC-4876-AD44-91CDE0F981DB}.Release|Any CPU.ActiveCfg = Release|Any CPU
		{0FE74B3F-00AC-4876-AD44-91CDE0F981DB}.Release|Any CPU.Build.0 = Release|Any CPU
		{16542B94-D102-4EA5-ADD2-7C6585B25579}.Debug|Any CPU.ActiveCfg = Debug|Any CPU
		{16542B94-D102-4EA5-ADD2-7C6585B25579}.Debug|Any CPU.Build.0 = Debug|Any CPU
		{16542B94-D102-4EA5-ADD2-7C6585B25579}.Release|Any CPU.ActiveCfg = Release|Any CPU
		{16542B94-D102-4EA5-ADD2-7C6585B25579}.Release|Any CPU.Build.0 = Release|Any CPU
		{32D004C1-6003-41D9-8083-ADCD364C6CD2}.Debug|Any CPU.ActiveCfg = Debug|Any CPU
		{32D004C1-6003-41D9-8083-ADCD364C6CD2}.Debug|Any CPU.Build.0 = Debug|Any CPU
		{32D004C1-6003-41D9-8083-ADCD364C6CD2}.Release|Any CPU.ActiveCfg = Release|Any CPU
		{32D004C1-6003-41D9-8083-ADCD364C6CD2}.Release|Any CPU.Build.0 = Release|Any CPU
		{25E424E1-9A89-4989-9098-04F2A2CD941A}.Debug|Any CPU.ActiveCfg = Debug|Any CPU
		{25E424E1-9A89-4989-9098-04F2A2CD941A}.Debug|Any CPU.Build.0 = Debug|Any CPU
		{25E424E1-9A89-4989-9098-04F2A2CD941A}.Release|Any CPU.ActiveCfg = Release|Any CPU
		{25E424E1-9A89-4989-9098-04F2A2CD941A}.Release|Any CPU.Build.0 = Release|Any CPU
		{4FB6D7E3-5063-4258-A7C3-A8401C3C8227}.Debug|Any CPU.ActiveCfg = Debug|Any CPU
		{4FB6D7E3-5063-4258-A7C3-A8401C3C8227}.Debug|Any CPU.Build.0 = Debug|Any CPU
		{4FB6D7E3-5063-4258-A7C3-A8401C3C8227}.Release|Any CPU.ActiveCfg = Release|Any CPU
		{4FB6D7E3-5063-4258-A7C3-A8401C3C8227}.Release|Any CPU.Build.0 = Release|Any CPU
		{AF3C29CB-9625-42EC-9F17-F31FF013818A}.Debug|Any CPU.ActiveCfg = Debug|Any CPU
		{AF3C29CB-9625-42EC-9F17-F31FF013818A}.Debug|Any CPU.Build.0 = Debug|Any CPU
		{AF3C29CB-9625-42EC-9F17-F31FF013818A}.Release|Any CPU.ActiveCfg = Release|Any CPU
		{AF3C29CB-9625-42EC-9F17-F31FF013818A}.Release|Any CPU.Build.0 = Release|Any CPU
		{AEB58823-D28A-4FDD-9398-ABDC0ECE28D3}.Debug|Any CPU.ActiveCfg = Debug|Any CPU
		{AEB58823-D28A-4FDD-9398-ABDC0ECE28D3}.Debug|Any CPU.Build.0 = Debug|Any CPU
		{AEB58823-D28A-4FDD-9398-ABDC0ECE28D3}.Release|Any CPU.ActiveCfg = Release|Any CPU
		{AEB58823-D28A-4FDD-9398-ABDC0ECE28D3}.Release|Any CPU.Build.0 = Release|Any CPU
		{8BE21DC8-7E08-42B7-9385-35BD0B7F2E4A}.Debug|Any CPU.ActiveCfg = Debug|Any CPU
		{8BE21DC8-7E08-42B7-9385-35BD0B7F2E4A}.Debug|Any CPU.Build.0 = Debug|Any CPU
		{8BE21DC8-7E08-42B7-9385-35BD0B7F2E4A}.Release|Any CPU.ActiveCfg = Release|Any CPU
		{8BE21DC8-7E08-42B7-9385-35BD0B7F2E4A}.Release|Any CPU.Build.0 = Release|Any CPU
		{1E4A6CC7-7FD6-4079-9844-324C9D6573BF}.Debug|Any CPU.ActiveCfg = Debug|Any CPU
		{1E4A6CC7-7FD6-4079-9844-324C9D6573BF}.Debug|Any CPU.Build.0 = Debug|Any CPU
		{1E4A6CC7-7FD6-4079-9844-324C9D6573BF}.Release|Any CPU.ActiveCfg = Release|Any CPU
		{1E4A6CC7-7FD6-4079-9844-324C9D6573BF}.Release|Any CPU.Build.0 = Release|Any CPU
		{92A65CA1-5A6B-48F8-89D0-FAD6165908EA}.Debug|Any CPU.ActiveCfg = Debug|Any CPU
		{92A65CA1-5A6B-48F8-89D0-FAD6165908EA}.Debug|Any CPU.Build.0 = Debug|Any CPU
		{92A65CA1-5A6B-48F8-89D0-FAD6165908EA}.Release|Any CPU.ActiveCfg = Release|Any CPU
		{92A65CA1-5A6B-48F8-89D0-FAD6165908EA}.Release|Any CPU.Build.0 = Release|Any CPU
		{C54F28DB-323B-4F17-A2EB-B31D0A473C41}.Debug|Any CPU.ActiveCfg = Debug|Any CPU
		{C54F28DB-323B-4F17-A2EB-B31D0A473C41}.Debug|Any CPU.Build.0 = Debug|Any CPU
		{C54F28DB-323B-4F17-A2EB-B31D0A473C41}.Release|Any CPU.ActiveCfg = Release|Any CPU
		{C54F28DB-323B-4F17-A2EB-B31D0A473C41}.Release|Any CPU.Build.0 = Release|Any CPU
		{74E65BB3-D42C-4CF5-9AFB-A1F307364B80}.Debug|Any CPU.ActiveCfg = Debug|Any CPU
		{74E65BB3-D42C-4CF5-9AFB-A1F307364B80}.Debug|Any CPU.Build.0 = Debug|Any CPU
		{74E65BB3-D42C-4CF5-9AFB-A1F307364B80}.Release|Any CPU.ActiveCfg = Release|Any CPU
		{74E65BB3-D42C-4CF5-9AFB-A1F307364B80}.Release|Any CPU.Build.0 = Release|Any CPU
	EndGlobalSection
	GlobalSection(SolutionProperties) = preSolution
		HideSolutionNode = FALSE
	EndGlobalSection
	GlobalSection(NestedProjects) = preSolution
		{D1679C40-A8C3-4312-BDBD-01E9E8E929D4} = {1140EBB7-3D04-4936-B893-FC46D34B8D01}
		{05C63702-BE99-445E-BE8F-EBE894FFB8C6} = {1140EBB7-3D04-4936-B893-FC46D34B8D01}
		{8869A4BE-402C-4956-B7B5-EC79C934E30F} = {1140EBB7-3D04-4936-B893-FC46D34B8D01}
		{ECF26CCC-03EA-449C-9995-E57302215B5E} = {A79F9106-9EC1-466F-9B28-F900864DD399}
		{B4CCFD5E-6B2C-42A0-ADED-E3711947E10F} = {A79F9106-9EC1-466F-9B28-F900864DD399}
		{ED3FD1A7-BB65-43C1-B4C9-521A9F940A85} = {A79F9106-9EC1-466F-9B28-F900864DD399}
		{05432C34-8F5A-4BDA-831E-663256E2EE05} = {1140EBB7-3D04-4936-B893-FC46D34B8D01}
		{0FE74B3F-00AC-4876-AD44-91CDE0F981DB} = {1140EBB7-3D04-4936-B893-FC46D34B8D01}
		{62DFAED0-722A-462A-BEB9-3C5526578985} = {D699CC37-CB5A-4A28-96E9-D75A55CD828A}
		{D2F49C2F-D51C-4391-B8C6-35A65D427A71} = {D699CC37-CB5A-4A28-96E9-D75A55CD828A}
		{EB7F7FE4-F183-4893-83CF-3DB21DF4397B} = {62DFAED0-722A-462A-BEB9-3C5526578985}
		{74E65BB3-D42C-4CF5-9AFB-A1F307364B80} = {1140EBB7-3D04-4936-B893-FC46D34B8D01}
	EndGlobalSection
	GlobalSection(ExtensibilityGlobals) = postSolution
		SolutionGuid = {A9C8CF59-EE51-4301-9EAC-22750A624DD2}
	EndGlobalSection
EndGlobal
