
Microsoft Visual Studio Solution File, Format Version 12.00
# Visual Studio Version 16
VisualStudioVersion = 16.0.28803.352
MinimumVisualStudioVersion = 10.0.40219.1
Project("{9A19103F-16F7-4668-BE54-9A1E7A4F7556}") = "Phenix.Core_ORA", "Phenix.Core\Phenix.Core_ORA.csproj", "{FC4C581B-081D-4160-A295-D72CDEF22810}"
EndProject
Project("{2150E333-8FDC-42A3-9474-1A3956D46DE8}") = "Demo_ORA", "Demo_ORA", "{1140EBB7-3D04-4936-B893-FC46D34B8D01}"
EndProject
Project("{9A19103F-16F7-4668-BE54-9A1E7A4F7556}") = "Demo.Phenix.Core.Data.Schema", "Demo_ORA\Demo.Phenix.Core.Data.Schema\Demo.Phenix.Core.Data.Schema.csproj", "{D1679C40-A8C3-4312-BDBD-01E9E8E929D4}"
EndProject
Project("{9A19103F-16F7-4668-BE54-9A1E7A4F7556}") = "Demo.Phenix.Core.Data.Common.DataReader", "Demo_ORA\Demo.Phenix.Core.Data.Common.DataReader\Demo.Phenix.Core.Data.Common.DataReader.csproj", "{05C63702-BE99-445E-BE8F-EBE894FFB8C6}"
EndProject
Project("{9A19103F-16F7-4668-BE54-9A1E7A4F7556}") = "Phenix.Core_MySQL", "Phenix.Core\Phenix.Core_MySQL.csproj", "{EB09C083-59A9-4C00-BB4C-8185F8D09B68}"
EndProject
Project("{2150E333-8FDC-42A3-9474-1A3956D46DE8}") = "Demo_MySQL", "Demo_MySQL", "{B7AA29AA-B690-4002-8703-AC8C7DD37E2C}"
EndProject
Project("{9A19103F-16F7-4668-BE54-9A1E7A4F7556}") = "Demo.Phenix.Core.Data.Schema", "Demo_MySQL\Demo.Phenix.Core.Data.Schema\Demo.Phenix.Core.Data.Schema.csproj", "{AE48AC17-C7EE-4028-A6C1-C27B48FB0C9F}"
EndProject
Project("{9A19103F-16F7-4668-BE54-9A1E7A4F7556}") = "Demo.Phenix.Core.Data.Common.DataReader", "Demo_MySQL\Demo.Phenix.Core.Data.Common.DataReader\Demo.Phenix.Core.Data.Common.DataReader.csproj", "{B7ABDC01-CD82-4568-B0B8-75C9E8B5579A}"
EndProject
Project("{9A19103F-16F7-4668-BE54-9A1E7A4F7556}") = "Demo.Phenix.Core.Data.Sequence", "Demo_ORA\Demo.Phenix.Core.Data.Sequence\Demo.Phenix.Core.Data.Sequence.csproj", "{AB5E4D4A-9A21-4BC5-8D60-9CF771D5D5A1}"
EndProject
Project("{9A19103F-16F7-4668-BE54-9A1E7A4F7556}") = "Demo.Phenix.Core.Data.Sequence", "Demo_MySQL\Demo.Phenix.Core.Data.Sequence\Demo.Phenix.Core.Data.Sequence.csproj", "{97B2D8F3-8AE6-4AA5-932F-EA294E49205E}"
EndProject
Project("{9A19103F-16F7-4668-BE54-9A1E7A4F7556}") = "Demo.Phenix.Core.Data.Increment", "Demo_ORA\Demo.Phenix.Core.Data.Increment\Demo.Phenix.Core.Data.Increment.csproj", "{64F3C8F8-B02C-4AE3-ABD4-B73665CDEE1D}"
EndProject
Project("{9A19103F-16F7-4668-BE54-9A1E7A4F7556}") = "Demo.Phenix.Core.Data.Increment", "Demo_MySQL\Demo.Phenix.Core.Data.Increment\Demo.Phenix.Core.Data.Increment.csproj", "{5D8ABCED-D374-4F73-916A-6ED5C579A51B}"
EndProject
Project("{9A19103F-16F7-4668-BE54-9A1E7A4F7556}") = "Demo.Phenix.Core.Log.EventLog", "Demo_ORA\Demo.Phenix.Core.Log.EventLog\Demo.Phenix.Core.Log.EventLog.csproj", "{8869A4BE-402C-4956-B7B5-EC79C934E30F}"
EndProject
Project("{9A19103F-16F7-4668-BE54-9A1E7A4F7556}") = "Demo.Phenix.Core.Log.EventLog", "Demo_MySQL\Demo.Phenix.Core.Log.EventLog\Demo.Phenix.Core.Log.EventLog.csproj", "{7639E825-33EC-44FE-BD97-34EC24A9C90A}"
EndProject
Project("{9A19103F-16F7-4668-BE54-9A1E7A4F7556}") = "Demo.Phenix.Core.Data.Model.EntityBase", "Demo_MySQL\Demo.Phenix.Core.Data.Model.EntityBase\Demo.Phenix.Core.Data.Model.EntityBase.csproj", "{3FC01207-1402-4801-8749-E9F4DF48BA69}"
EndProject
Project("{9A19103F-16F7-4668-BE54-9A1E7A4F7556}") = "Demo.Phenix.Core.Data.Model.EntityBase", "Demo_ORA\Demo.Phenix.Core.Data.Model.EntityBase\Demo.Phenix.Core.Data.Model.EntityBase.csproj", "{A116D721-86ED-42E3-92B9-0F7F4C3D8FAB}"
EndProject
Project("{2150E333-8FDC-42A3-9474-1A3956D46DE8}") = "Phenix.Extensions", "Phenix.Extensions", "{5C41758F-32B5-4B95-A055-C5364A037050}"
EndProject
Project("{9A19103F-16F7-4668-BE54-9A1E7A4F7556}") = "Phenix.EntityBuilder_MySQL", "Phenix.Extensions\Phenix.EntityBuilder\Phenix.EntityBuilder_MySQL.csproj", "{9D53C566-17CC-439F-BF90-B4DA3764395D}"
EndProject
Project("{9A19103F-16F7-4668-BE54-9A1E7A4F7556}") = "Phenix.EntityBuilder_ORA", "Phenix.Extensions\Phenix.EntityBuilder\Phenix.EntityBuilder_ORA.csproj", "{FAE2EB32-B9A8-4AB2-AFBD-128A13615FCD}"
EndProject
Project("{9A19103F-16F7-4668-BE54-9A1E7A4F7556}") = "Phenix.WebApplication_MySQL", "Phenix.Extensions\Phenix.WebApplication\Phenix.WebApplication_MySQL.csproj", "{C445CE24-4C46-4E7A-ADD2-D7B3A9B1C2CB}"
EndProject
Project("{9A19103F-16F7-4668-BE54-9A1E7A4F7556}") = "Phenix.WebApplication_ORA", "Phenix.Extensions\Phenix.WebApplication\Phenix.WebApplication_ORA.csproj", "{1B1245BE-78AE-4831-828F-48E273988980}"
EndProject
Project("{2150E333-8FDC-42A3-9474-1A3956D46DE8}") = "Phenix.WebApplication.Client.Ajax", "Phenix.WebApplication.Client.Ajax", "{993D0E28-8F04-4EFA-B5EE-7E93D53AB4EE}"
	ProjectSection(SolutionItems) = preProject
		Phenix.Extensions\Phenix.WebApplication.Client.Ajax\phenix.extensions.js = Phenix.Extensions\Phenix.WebApplication.Client.Ajax\phenix.extensions.js
		Phenix.Extensions\Phenix.WebApplication.Client.Ajax\phenix.js = Phenix.Extensions\Phenix.WebApplication.Client.Ajax\phenix.js
	EndProjectSection
EndProject
Project("{2150E333-8FDC-42A3-9474-1A3956D46DE8}") = "Phenix.WebApplication.Client.Test", "Phenix.WebApplication.Client.Test", "{4BDC9DAF-A107-4A50-AB4C-6392C49C09A0}"
	ProjectSection(SolutionItems) = preProject
		Phenix.Extensions\Phenix.WebApplication.Client.Test\Gate.html = Phenix.Extensions\Phenix.WebApplication.Client.Test\Gate.html
		Phenix.Extensions\Phenix.WebApplication.Client.Test\Myself.html = Phenix.Extensions\Phenix.WebApplication.Client.Test\Myself.html
	EndProjectSection
EndProject
Project("{9A19103F-16F7-4668-BE54-9A1E7A4F7556}") = "Demo.Phenix.Core.Security.Position", "Demo_MySQL\Demo.Phenix.Core.Security.Position\Demo.Phenix.Core.Security.Position.csproj", "{72E41202-791D-46CA-B0CC-770A721D8C8E}"
EndProject
Project("{9A19103F-16F7-4668-BE54-9A1E7A4F7556}") = "Demo.Phenix.Core.Security.Teams", "Demo_MySQL\Demo.Phenix.Core.Security.Teams\Demo.Phenix.Core.Security.Teams.csproj", "{0865E3AA-93B7-4448-BD4D-F5D69CEF7D15}"
EndProject
Project("{9A19103F-16F7-4668-BE54-9A1E7A4F7556}") = "Demo.Phenix.Core.Security.User", "Demo_MySQL\Demo.Phenix.Core.Security.User\Demo.Phenix.Core.Security.User.csproj", "{B3F1EE33-F212-4C11-A01B-457D35EFD956}"
EndProject
Project("{9A19103F-16F7-4668-BE54-9A1E7A4F7556}") = "Demo.Phenix.Core.Security.Position", "Demo_ORA\Demo.Phenix.Core.Security.Position\Demo.Phenix.Core.Security.Position.csproj", "{B8457A44-5700-4B03-A7E9-A3EA093E6876}"
EndProject
Project("{9A19103F-16F7-4668-BE54-9A1E7A4F7556}") = "Demo.Phenix.Core.Security.Teams", "Demo_ORA\Demo.Phenix.Core.Security.Teams\Demo.Phenix.Core.Security.Teams.csproj", "{E06A0B95-2F9D-4983-853E-8487B5B078EA}"
EndProject
Project("{9A19103F-16F7-4668-BE54-9A1E7A4F7556}") = "Demo.Phenix.Core.Security.User", "Demo_ORA\Demo.Phenix.Core.Security.User\Demo.Phenix.Core.Security.User.csproj", "{0A03F9C1-FC0D-43DA-89AE-5FE5B77D802B}"
EndProject
Project("{9A19103F-16F7-4668-BE54-9A1E7A4F7556}") = "Demo.Phenix.Core.Data.Model.DynamicEntity", "Demo_ORA\Demo.Phenix.Core.Data.Model.DynamicEntity\Demo.Phenix.Core.Data.Model.DynamicEntity.csproj", "{E92D064B-DC09-4AC6-81D7-65066F88124B}"
EndProject
Project("{9A19103F-16F7-4668-BE54-9A1E7A4F7556}") = "Demo.Phenix.Core.Data.Model.DynamicEntity", "Demo_MySQL\Demo.Phenix.Core.Data.Model.DynamicEntity\Demo.Phenix.Core.Data.Model.DynamicEntity.csproj", "{9FCFD0CC-FFCF-4228-8E59-FFB5640A29B0}"
EndProject
Global
	GlobalSection(SolutionConfigurationPlatforms) = preSolution
		Debug|Any CPU = Debug|Any CPU
		Release|Any CPU = Release|Any CPU
	EndGlobalSection
	GlobalSection(ProjectConfigurationPlatforms) = postSolution
		{FC4C581B-081D-4160-A295-D72CDEF22810}.Debug|Any CPU.ActiveCfg = Debug|Any CPU
		{FC4C581B-081D-4160-A295-D72CDEF22810}.Debug|Any CPU.Build.0 = Debug|Any CPU
		{FC4C581B-081D-4160-A295-D72CDEF22810}.Release|Any CPU.ActiveCfg = Release|Any CPU
		{FC4C581B-081D-4160-A295-D72CDEF22810}.Release|Any CPU.Build.0 = Release|Any CPU
		{D1679C40-A8C3-4312-BDBD-01E9E8E929D4}.Debug|Any CPU.ActiveCfg = Debug|Any CPU
		{D1679C40-A8C3-4312-BDBD-01E9E8E929D4}.Debug|Any CPU.Build.0 = Debug|Any CPU
		{D1679C40-A8C3-4312-BDBD-01E9E8E929D4}.Release|Any CPU.ActiveCfg = Release|Any CPU
		{D1679C40-A8C3-4312-BDBD-01E9E8E929D4}.Release|Any CPU.Build.0 = Release|Any CPU
		{05C63702-BE99-445E-BE8F-EBE894FFB8C6}.Debug|Any CPU.ActiveCfg = Debug|Any CPU
		{05C63702-BE99-445E-BE8F-EBE894FFB8C6}.Debug|Any CPU.Build.0 = Debug|Any CPU
		{05C63702-BE99-445E-BE8F-EBE894FFB8C6}.Release|Any CPU.ActiveCfg = Release|Any CPU
		{05C63702-BE99-445E-BE8F-EBE894FFB8C6}.Release|Any CPU.Build.0 = Release|Any CPU
		{EB09C083-59A9-4C00-BB4C-8185F8D09B68}.Debug|Any CPU.ActiveCfg = Debug|Any CPU
		{EB09C083-59A9-4C00-BB4C-8185F8D09B68}.Debug|Any CPU.Build.0 = Debug|Any CPU
		{EB09C083-59A9-4C00-BB4C-8185F8D09B68}.Release|Any CPU.ActiveCfg = Release|Any CPU
		{EB09C083-59A9-4C00-BB4C-8185F8D09B68}.Release|Any CPU.Build.0 = Release|Any CPU
		{AE48AC17-C7EE-4028-A6C1-C27B48FB0C9F}.Debug|Any CPU.ActiveCfg = Debug|Any CPU
		{AE48AC17-C7EE-4028-A6C1-C27B48FB0C9F}.Debug|Any CPU.Build.0 = Debug|Any CPU
		{AE48AC17-C7EE-4028-A6C1-C27B48FB0C9F}.Release|Any CPU.ActiveCfg = Release|Any CPU
		{AE48AC17-C7EE-4028-A6C1-C27B48FB0C9F}.Release|Any CPU.Build.0 = Release|Any CPU
		{B7ABDC01-CD82-4568-B0B8-75C9E8B5579A}.Debug|Any CPU.ActiveCfg = Debug|Any CPU
		{B7ABDC01-CD82-4568-B0B8-75C9E8B5579A}.Debug|Any CPU.Build.0 = Debug|Any CPU
		{B7ABDC01-CD82-4568-B0B8-75C9E8B5579A}.Release|Any CPU.ActiveCfg = Release|Any CPU
		{B7ABDC01-CD82-4568-B0B8-75C9E8B5579A}.Release|Any CPU.Build.0 = Release|Any CPU
		{AB5E4D4A-9A21-4BC5-8D60-9CF771D5D5A1}.Debug|Any CPU.ActiveCfg = Debug|Any CPU
		{AB5E4D4A-9A21-4BC5-8D60-9CF771D5D5A1}.Debug|Any CPU.Build.0 = Debug|Any CPU
		{AB5E4D4A-9A21-4BC5-8D60-9CF771D5D5A1}.Release|Any CPU.ActiveCfg = Release|Any CPU
		{AB5E4D4A-9A21-4BC5-8D60-9CF771D5D5A1}.Release|Any CPU.Build.0 = Release|Any CPU
		{97B2D8F3-8AE6-4AA5-932F-EA294E49205E}.Debug|Any CPU.ActiveCfg = Debug|Any CPU
		{97B2D8F3-8AE6-4AA5-932F-EA294E49205E}.Debug|Any CPU.Build.0 = Debug|Any CPU
		{97B2D8F3-8AE6-4AA5-932F-EA294E49205E}.Release|Any CPU.ActiveCfg = Release|Any CPU
		{97B2D8F3-8AE6-4AA5-932F-EA294E49205E}.Release|Any CPU.Build.0 = Release|Any CPU
		{64F3C8F8-B02C-4AE3-ABD4-B73665CDEE1D}.Debug|Any CPU.ActiveCfg = Debug|Any CPU
		{64F3C8F8-B02C-4AE3-ABD4-B73665CDEE1D}.Debug|Any CPU.Build.0 = Debug|Any CPU
		{64F3C8F8-B02C-4AE3-ABD4-B73665CDEE1D}.Release|Any CPU.ActiveCfg = Release|Any CPU
		{64F3C8F8-B02C-4AE3-ABD4-B73665CDEE1D}.Release|Any CPU.Build.0 = Release|Any CPU
		{5D8ABCED-D374-4F73-916A-6ED5C579A51B}.Debug|Any CPU.ActiveCfg = Debug|Any CPU
		{5D8ABCED-D374-4F73-916A-6ED5C579A51B}.Debug|Any CPU.Build.0 = Debug|Any CPU
		{5D8ABCED-D374-4F73-916A-6ED5C579A51B}.Release|Any CPU.ActiveCfg = Release|Any CPU
		{5D8ABCED-D374-4F73-916A-6ED5C579A51B}.Release|Any CPU.Build.0 = Release|Any CPU
		{8869A4BE-402C-4956-B7B5-EC79C934E30F}.Debug|Any CPU.ActiveCfg = Debug|Any CPU
		{8869A4BE-402C-4956-B7B5-EC79C934E30F}.Debug|Any CPU.Build.0 = Debug|Any CPU
		{8869A4BE-402C-4956-B7B5-EC79C934E30F}.Release|Any CPU.ActiveCfg = Release|Any CPU
		{8869A4BE-402C-4956-B7B5-EC79C934E30F}.Release|Any CPU.Build.0 = Release|Any CPU
		{7639E825-33EC-44FE-BD97-34EC24A9C90A}.Debug|Any CPU.ActiveCfg = Debug|Any CPU
		{7639E825-33EC-44FE-BD97-34EC24A9C90A}.Debug|Any CPU.Build.0 = Debug|Any CPU
		{7639E825-33EC-44FE-BD97-34EC24A9C90A}.Release|Any CPU.ActiveCfg = Release|Any CPU
		{7639E825-33EC-44FE-BD97-34EC24A9C90A}.Release|Any CPU.Build.0 = Release|Any CPU
		{3FC01207-1402-4801-8749-E9F4DF48BA69}.Debug|Any CPU.ActiveCfg = Debug|Any CPU
		{3FC01207-1402-4801-8749-E9F4DF48BA69}.Debug|Any CPU.Build.0 = Debug|Any CPU
		{3FC01207-1402-4801-8749-E9F4DF48BA69}.Release|Any CPU.ActiveCfg = Release|Any CPU
		{3FC01207-1402-4801-8749-E9F4DF48BA69}.Release|Any CPU.Build.0 = Release|Any CPU
		{A116D721-86ED-42E3-92B9-0F7F4C3D8FAB}.Debug|Any CPU.ActiveCfg = Debug|Any CPU
		{A116D721-86ED-42E3-92B9-0F7F4C3D8FAB}.Debug|Any CPU.Build.0 = Debug|Any CPU
		{A116D721-86ED-42E3-92B9-0F7F4C3D8FAB}.Release|Any CPU.ActiveCfg = Release|Any CPU
		{A116D721-86ED-42E3-92B9-0F7F4C3D8FAB}.Release|Any CPU.Build.0 = Release|Any CPU
		{9D53C566-17CC-439F-BF90-B4DA3764395D}.Debug|Any CPU.ActiveCfg = Debug|Any CPU
		{9D53C566-17CC-439F-BF90-B4DA3764395D}.Debug|Any CPU.Build.0 = Debug|Any CPU
		{9D53C566-17CC-439F-BF90-B4DA3764395D}.Release|Any CPU.ActiveCfg = Release|Any CPU
		{9D53C566-17CC-439F-BF90-B4DA3764395D}.Release|Any CPU.Build.0 = Release|Any CPU
		{FAE2EB32-B9A8-4AB2-AFBD-128A13615FCD}.Debug|Any CPU.ActiveCfg = Debug|Any CPU
		{FAE2EB32-B9A8-4AB2-AFBD-128A13615FCD}.Debug|Any CPU.Build.0 = Debug|Any CPU
		{FAE2EB32-B9A8-4AB2-AFBD-128A13615FCD}.Release|Any CPU.ActiveCfg = Release|Any CPU
		{FAE2EB32-B9A8-4AB2-AFBD-128A13615FCD}.Release|Any CPU.Build.0 = Release|Any CPU
		{C445CE24-4C46-4E7A-ADD2-D7B3A9B1C2CB}.Debug|Any CPU.ActiveCfg = Debug|Any CPU
		{C445CE24-4C46-4E7A-ADD2-D7B3A9B1C2CB}.Debug|Any CPU.Build.0 = Debug|Any CPU
		{C445CE24-4C46-4E7A-ADD2-D7B3A9B1C2CB}.Release|Any CPU.ActiveCfg = Release|Any CPU
		{C445CE24-4C46-4E7A-ADD2-D7B3A9B1C2CB}.Release|Any CPU.Build.0 = Release|Any CPU
		{1B1245BE-78AE-4831-828F-48E273988980}.Debug|Any CPU.ActiveCfg = Debug|Any CPU
		{1B1245BE-78AE-4831-828F-48E273988980}.Debug|Any CPU.Build.0 = Debug|Any CPU
		{1B1245BE-78AE-4831-828F-48E273988980}.Release|Any CPU.ActiveCfg = Release|Any CPU
		{1B1245BE-78AE-4831-828F-48E273988980}.Release|Any CPU.Build.0 = Release|Any CPU
		{72E41202-791D-46CA-B0CC-770A721D8C8E}.Debug|Any CPU.ActiveCfg = Debug|Any CPU
		{72E41202-791D-46CA-B0CC-770A721D8C8E}.Debug|Any CPU.Build.0 = Debug|Any CPU
		{72E41202-791D-46CA-B0CC-770A721D8C8E}.Release|Any CPU.ActiveCfg = Release|Any CPU
		{72E41202-791D-46CA-B0CC-770A721D8C8E}.Release|Any CPU.Build.0 = Release|Any CPU
		{0865E3AA-93B7-4448-BD4D-F5D69CEF7D15}.Debug|Any CPU.ActiveCfg = Debug|Any CPU
		{0865E3AA-93B7-4448-BD4D-F5D69CEF7D15}.Debug|Any CPU.Build.0 = Debug|Any CPU
		{0865E3AA-93B7-4448-BD4D-F5D69CEF7D15}.Release|Any CPU.ActiveCfg = Release|Any CPU
		{0865E3AA-93B7-4448-BD4D-F5D69CEF7D15}.Release|Any CPU.Build.0 = Release|Any CPU
		{B3F1EE33-F212-4C11-A01B-457D35EFD956}.Debug|Any CPU.ActiveCfg = Debug|Any CPU
		{B3F1EE33-F212-4C11-A01B-457D35EFD956}.Debug|Any CPU.Build.0 = Debug|Any CPU
		{B3F1EE33-F212-4C11-A01B-457D35EFD956}.Release|Any CPU.ActiveCfg = Release|Any CPU
		{B3F1EE33-F212-4C11-A01B-457D35EFD956}.Release|Any CPU.Build.0 = Release|Any CPU
		{B8457A44-5700-4B03-A7E9-A3EA093E6876}.Debug|Any CPU.ActiveCfg = Debug|Any CPU
		{B8457A44-5700-4B03-A7E9-A3EA093E6876}.Debug|Any CPU.Build.0 = Debug|Any CPU
		{B8457A44-5700-4B03-A7E9-A3EA093E6876}.Release|Any CPU.ActiveCfg = Release|Any CPU
		{B8457A44-5700-4B03-A7E9-A3EA093E6876}.Release|Any CPU.Build.0 = Release|Any CPU
		{E06A0B95-2F9D-4983-853E-8487B5B078EA}.Debug|Any CPU.ActiveCfg = Debug|Any CPU
		{E06A0B95-2F9D-4983-853E-8487B5B078EA}.Debug|Any CPU.Build.0 = Debug|Any CPU
		{E06A0B95-2F9D-4983-853E-8487B5B078EA}.Release|Any CPU.ActiveCfg = Release|Any CPU
		{E06A0B95-2F9D-4983-853E-8487B5B078EA}.Release|Any CPU.Build.0 = Release|Any CPU
		{0A03F9C1-FC0D-43DA-89AE-5FE5B77D802B}.Debug|Any CPU.ActiveCfg = Debug|Any CPU
		{0A03F9C1-FC0D-43DA-89AE-5FE5B77D802B}.Debug|Any CPU.Build.0 = Debug|Any CPU
		{0A03F9C1-FC0D-43DA-89AE-5FE5B77D802B}.Release|Any CPU.ActiveCfg = Release|Any CPU
		{0A03F9C1-FC0D-43DA-89AE-5FE5B77D802B}.Release|Any CPU.Build.0 = Release|Any CPU
		{E92D064B-DC09-4AC6-81D7-65066F88124B}.Debug|Any CPU.ActiveCfg = Debug|Any CPU
		{E92D064B-DC09-4AC6-81D7-65066F88124B}.Debug|Any CPU.Build.0 = Debug|Any CPU
		{E92D064B-DC09-4AC6-81D7-65066F88124B}.Release|Any CPU.ActiveCfg = Release|Any CPU
		{E92D064B-DC09-4AC6-81D7-65066F88124B}.Release|Any CPU.Build.0 = Release|Any CPU
		{9FCFD0CC-FFCF-4228-8E59-FFB5640A29B0}.Debug|Any CPU.ActiveCfg = Debug|Any CPU
		{9FCFD0CC-FFCF-4228-8E59-FFB5640A29B0}.Debug|Any CPU.Build.0 = Debug|Any CPU
		{9FCFD0CC-FFCF-4228-8E59-FFB5640A29B0}.Release|Any CPU.ActiveCfg = Release|Any CPU
		{9FCFD0CC-FFCF-4228-8E59-FFB5640A29B0}.Release|Any CPU.Build.0 = Release|Any CPU
	EndGlobalSection
	GlobalSection(SolutionProperties) = preSolution
		HideSolutionNode = FALSE
	EndGlobalSection
	GlobalSection(NestedProjects) = preSolution
		{D1679C40-A8C3-4312-BDBD-01E9E8E929D4} = {1140EBB7-3D04-4936-B893-FC46D34B8D01}
		{05C63702-BE99-445E-BE8F-EBE894FFB8C6} = {1140EBB7-3D04-4936-B893-FC46D34B8D01}
		{AE48AC17-C7EE-4028-A6C1-C27B48FB0C9F} = {B7AA29AA-B690-4002-8703-AC8C7DD37E2C}
		{B7ABDC01-CD82-4568-B0B8-75C9E8B5579A} = {B7AA29AA-B690-4002-8703-AC8C7DD37E2C}
		{AB5E4D4A-9A21-4BC5-8D60-9CF771D5D5A1} = {1140EBB7-3D04-4936-B893-FC46D34B8D01}
		{97B2D8F3-8AE6-4AA5-932F-EA294E49205E} = {B7AA29AA-B690-4002-8703-AC8C7DD37E2C}
		{64F3C8F8-B02C-4AE3-ABD4-B73665CDEE1D} = {1140EBB7-3D04-4936-B893-FC46D34B8D01}
		{5D8ABCED-D374-4F73-916A-6ED5C579A51B} = {B7AA29AA-B690-4002-8703-AC8C7DD37E2C}
		{8869A4BE-402C-4956-B7B5-EC79C934E30F} = {1140EBB7-3D04-4936-B893-FC46D34B8D01}
		{7639E825-33EC-44FE-BD97-34EC24A9C90A} = {B7AA29AA-B690-4002-8703-AC8C7DD37E2C}
		{3FC01207-1402-4801-8749-E9F4DF48BA69} = {B7AA29AA-B690-4002-8703-AC8C7DD37E2C}
		{A116D721-86ED-42E3-92B9-0F7F4C3D8FAB} = {1140EBB7-3D04-4936-B893-FC46D34B8D01}
		{9D53C566-17CC-439F-BF90-B4DA3764395D} = {5C41758F-32B5-4B95-A055-C5364A037050}
		{FAE2EB32-B9A8-4AB2-AFBD-128A13615FCD} = {5C41758F-32B5-4B95-A055-C5364A037050}
		{C445CE24-4C46-4E7A-ADD2-D7B3A9B1C2CB} = {5C41758F-32B5-4B95-A055-C5364A037050}
		{1B1245BE-78AE-4831-828F-48E273988980} = {5C41758F-32B5-4B95-A055-C5364A037050}
		{993D0E28-8F04-4EFA-B5EE-7E93D53AB4EE} = {5C41758F-32B5-4B95-A055-C5364A037050}
		{4BDC9DAF-A107-4A50-AB4C-6392C49C09A0} = {5C41758F-32B5-4B95-A055-C5364A037050}
		{72E41202-791D-46CA-B0CC-770A721D8C8E} = {B7AA29AA-B690-4002-8703-AC8C7DD37E2C}
		{0865E3AA-93B7-4448-BD4D-F5D69CEF7D15} = {B7AA29AA-B690-4002-8703-AC8C7DD37E2C}
		{B3F1EE33-F212-4C11-A01B-457D35EFD956} = {B7AA29AA-B690-4002-8703-AC8C7DD37E2C}
		{B8457A44-5700-4B03-A7E9-A3EA093E6876} = {1140EBB7-3D04-4936-B893-FC46D34B8D01}
		{E06A0B95-2F9D-4983-853E-8487B5B078EA} = {1140EBB7-3D04-4936-B893-FC46D34B8D01}
		{0A03F9C1-FC0D-43DA-89AE-5FE5B77D802B} = {1140EBB7-3D04-4936-B893-FC46D34B8D01}
		{E92D064B-DC09-4AC6-81D7-65066F88124B} = {1140EBB7-3D04-4936-B893-FC46D34B8D01}
		{9FCFD0CC-FFCF-4228-8E59-FFB5640A29B0} = {B7AA29AA-B690-4002-8703-AC8C7DD37E2C}
	EndGlobalSection
	GlobalSection(ExtensibilityGlobals) = postSolution
		SolutionGuid = {A9C8CF59-EE51-4301-9EAC-22750A624DD2}
	EndGlobalSection
EndGlobal
