
Microsoft Visual Studio Solution File, Format Version 12.00
# Visual Studio Version 16
VisualStudioVersion = 16.0.28803.352
MinimumVisualStudioVersion = 10.0.40219.1
Project("{9A19103F-16F7-4668-BE54-9A1E7A4F7556}") = "Phenix.Core_ORA", "Phenix.Core\Phenix.Core_ORA.csproj", "{FC4C581B-081D-4160-A295-D72CDEF22810}"
EndProject
Project("{2150E333-8FDC-42A3-9474-1A3956D46DE8}") = "Demo_ORA", "Demo_ORA", "{1140EBB7-3D04-4936-B893-FC46D34B8D01}"
EndProject
Project("{9A19103F-16F7-4668-BE54-9A1E7A4F7556}") = "Demo.Phenix.Core.Data.Schema", "Demo_ORA\Demo.Phenix.Core.Data.Schema\Demo.Phenix.Core.Data.Schema.csproj", "{D1679C40-A8C3-4312-BDBD-01E9E8E929D4}"
EndProject
Project("{9A19103F-16F7-4668-BE54-9A1E7A4F7556}") = "Demo.Phenix.Core.Data.Common.DataReader", "Demo_ORA\Demo.Phenix.Core.Data.Common.DataReader\Demo.Phenix.Core.Data.Common.DataReader.csproj", "{05C63702-BE99-445E-BE8F-EBE894FFB8C6}"
EndProject
Project("{9A19103F-16F7-4668-BE54-9A1E7A4F7556}") = "Phenix.Core_MySQL", "Phenix.Core\Phenix.Core_MySQL.csproj", "{EB09C083-59A9-4C00-BB4C-8185F8D09B68}"
EndProject
Project("{2150E333-8FDC-42A3-9474-1A3956D46DE8}") = "Demo_MySQL", "Demo_MySQL", "{B7AA29AA-B690-4002-8703-AC8C7DD37E2C}"
EndProject
Project("{9A19103F-16F7-4668-BE54-9A1E7A4F7556}") = "Demo.Phenix.Core.Data.Schema", "Demo_MySQL\Demo.Phenix.Core.Data.Schema\Demo.Phenix.Core.Data.Schema.csproj", "{AE48AC17-C7EE-4028-A6C1-C27B48FB0C9F}"
EndProject
Project("{9A19103F-16F7-4668-BE54-9A1E7A4F7556}") = "Demo.Phenix.Core.Data.Common.DataReader", "Demo_MySQL\Demo.Phenix.Core.Data.Common.DataReader\Demo.Phenix.Core.Data.Common.DataReader.csproj", "{B7ABDC01-CD82-4568-B0B8-75C9E8B5579A}"
EndProject
Project("{9A19103F-16F7-4668-BE54-9A1E7A4F7556}") = "Demo.Phenix.Core.Data.Sequence", "Demo_ORA\Demo.Phenix.Core.Data.Sequence\Demo.Phenix.Core.Data.Sequence.csproj", "{AB5E4D4A-9A21-4BC5-8D60-9CF771D5D5A1}"
EndProject
Project("{9A19103F-16F7-4668-BE54-9A1E7A4F7556}") = "Demo.Phenix.Core.Data.Sequence", "Demo_MySQL\Demo.Phenix.Core.Data.Sequence\Demo.Phenix.Core.Data.Sequence.csproj", "{97B2D8F3-8AE6-4AA5-932F-EA294E49205E}"
EndProject
Project("{9A19103F-16F7-4668-BE54-9A1E7A4F7556}") = "Demo.Phenix.Core.Data.Increment", "Demo_ORA\Demo.Phenix.Core.Data.Increment\Demo.Phenix.Core.Data.Increment.csproj", "{64F3C8F8-B02C-4AE3-ABD4-B73665CDEE1D}"
EndProject
Project("{9A19103F-16F7-4668-BE54-9A1E7A4F7556}") = "Demo.Phenix.Core.Data.Increment", "Demo_MySQL\Demo.Phenix.Core.Data.Increment\Demo.Phenix.Core.Data.Increment.csproj", "{5D8ABCED-D374-4F73-916A-6ED5C579A51B}"
EndProject
Project("{9A19103F-16F7-4668-BE54-9A1E7A4F7556}") = "Demo.Phenix.Core.Log.EventLog", "Demo_ORA\Demo.Phenix.Core.Log.EventLog\Demo.Phenix.Core.Log.EventLog.csproj", "{8869A4BE-402C-4956-B7B5-EC79C934E30F}"
EndProject
Project("{9A19103F-16F7-4668-BE54-9A1E7A4F7556}") = "Demo.Phenix.Core.Log.EventLog", "Demo_MySQL\Demo.Phenix.Core.Log.EventLog\Demo.Phenix.Core.Log.EventLog.csproj", "{7639E825-33EC-44FE-BD97-34EC24A9C90A}"
EndProject
Project("{9A19103F-16F7-4668-BE54-9A1E7A4F7556}") = "Demo.Phenix.Core.Data.Model.EntityBase", "Demo_MySQL\Demo.Phenix.Core.Data.Model.EntityBase\Demo.Phenix.Core.Data.Model.EntityBase.csproj", "{3FC01207-1402-4801-8749-E9F4DF48BA69}"
EndProject
Project("{9A19103F-16F7-4668-BE54-9A1E7A4F7556}") = "Demo.Phenix.Core.Data.Model.EntityBase", "Demo_ORA\Demo.Phenix.Core.Data.Model.EntityBase\Demo.Phenix.Core.Data.Model.EntityBase.csproj", "{A116D721-86ED-42E3-92B9-0F7F4C3D8FAB}"
EndProject
Project("{2150E333-8FDC-42A3-9474-1A3956D46DE8}") = "Phenix.Extensions", "Phenix.Extensions", "{5C41758F-32B5-4B95-A055-C5364A037050}"
EndProject
Project("{9A19103F-16F7-4668-BE54-9A1E7A4F7556}") = "Demo.Phenix.Core.Security.Position", "Demo_MySQL\Demo.Phenix.Core.Security.Position\Demo.Phenix.Core.Security.Position.csproj", "{72E41202-791D-46CA-B0CC-770A721D8C8E}"
EndProject
Project("{9A19103F-16F7-4668-BE54-9A1E7A4F7556}") = "Demo.Phenix.Core.Security.Teams", "Demo_MySQL\Demo.Phenix.Core.Security.Teams\Demo.Phenix.Core.Security.Teams.csproj", "{0865E3AA-93B7-4448-BD4D-F5D69CEF7D15}"
EndProject
Project("{9A19103F-16F7-4668-BE54-9A1E7A4F7556}") = "Demo.Phenix.Core.Security.User", "Demo_MySQL\Demo.Phenix.Core.Security.User\Demo.Phenix.Core.Security.User.csproj", "{B3F1EE33-F212-4C11-A01B-457D35EFD956}"
EndProject
Project("{9A19103F-16F7-4668-BE54-9A1E7A4F7556}") = "Demo.Phenix.Core.Security.Position", "Demo_ORA\Demo.Phenix.Core.Security.Position\Demo.Phenix.Core.Security.Position.csproj", "{B8457A44-5700-4B03-A7E9-A3EA093E6876}"
EndProject
Project("{9A19103F-16F7-4668-BE54-9A1E7A4F7556}") = "Demo.Phenix.Core.Security.Teams", "Demo_ORA\Demo.Phenix.Core.Security.Teams\Demo.Phenix.Core.Security.Teams.csproj", "{E06A0B95-2F9D-4983-853E-8487B5B078EA}"
EndProject
Project("{9A19103F-16F7-4668-BE54-9A1E7A4F7556}") = "Demo.Phenix.Core.Security.User", "Demo_ORA\Demo.Phenix.Core.Security.User\Demo.Phenix.Core.Security.User.csproj", "{0A03F9C1-FC0D-43DA-89AE-5FE5B77D802B}"
EndProject
Project("{9A19103F-16F7-4668-BE54-9A1E7A4F7556}") = "Demo.Phenix.Core.Data.Model.DynamicEntity", "Demo_ORA\Demo.Phenix.Core.Data.Model.DynamicEntity\Demo.Phenix.Core.Data.Model.DynamicEntity.csproj", "{E92D064B-DC09-4AC6-81D7-65066F88124B}"
EndProject
Project("{9A19103F-16F7-4668-BE54-9A1E7A4F7556}") = "Demo.Phenix.Core.Data.Model.DynamicEntity", "Demo_MySQL\Demo.Phenix.Core.Data.Model.DynamicEntity\Demo.Phenix.Core.Data.Model.DynamicEntity.csproj", "{9FCFD0CC-FFCF-4228-8E59-FFB5640A29B0}"
EndProject
Project("{9A19103F-16F7-4668-BE54-9A1E7A4F7556}") = "Demo.Phenix.Core.Net.Http.OfflineCache", "Demo_ORA\Demo.Phenix.Core.Net.Http.OfflineCache\Demo.Phenix.Core.Net.Http.OfflineCache.csproj", "{F79485CC-3595-4FB6-9091-1CE674ED6B10}"
EndProject
Project("{9A19103F-16F7-4668-BE54-9A1E7A4F7556}") = "Demo.Phenix.Core.Net.Http.OfflineCache", "Demo_MySQL\Demo.Phenix.Core.Net.Http.OfflineCache\Demo.Phenix.Core.Net.Http.OfflineCache.csproj", "{EB3BE5CD-D212-467B-BDF9-B62BEF2351B6}"
EndProject
Project("{9A19103F-16F7-4668-BE54-9A1E7A4F7556}") = "Demo.Phenix.Core.Data.Model.UndoableBase", "Demo_ORA\Demo.Phenix.Core.Data.Model.UndoableBase\Demo.Phenix.Core.Data.Model.UndoableBase.csproj", "{5E915D8D-4B72-4146-92C4-722AA4FF5702}"
EndProject
Project("{9A19103F-16F7-4668-BE54-9A1E7A4F7556}") = "Demo.Phenix.Core.Data.Model.UndoableBase", "Demo_MySQL\Demo.Phenix.Core.Data.Model.UndoableBase\Demo.Phenix.Core.Data.Model.UndoableBase.csproj", "{2214965C-3E71-4C1E-AA36-055EC4F6C632}"
EndProject
Project("{9A19103F-16F7-4668-BE54-9A1E7A4F7556}") = "Phenix.Services.Host_MySQL", "Phenix.Extensions\Phenix.Services.Host\Phenix.Services.Host_MySQL.csproj", "{A6D6F035-A063-4409-8415-F856027E80A3}"
EndProject
Project("{9A19103F-16F7-4668-BE54-9A1E7A4F7556}") = "Phenix.Services.Host_ORA", "Phenix.Extensions\Phenix.Services.Host\Phenix.Services.Host_ORA.csproj", "{BAB2EC6B-D7B0-4602-81A7-C3B4CB1FD195}"
EndProject
Project("{2150E333-8FDC-42A3-9474-1A3956D46DE8}") = "Phenix.Services.Plugin", "Phenix.Services.Plugin", "{F4A600AF-3337-44A0-AAB7-5009768C92B3}"
EndProject
Project("{2150E333-8FDC-42A3-9474-1A3956D46DE8}") = "Phenix.Tools", "Phenix.Tools", "{14444D69-D17D-4B97-B39B-1570D0B2EF13}"
EndProject
Project("{9A19103F-16F7-4668-BE54-9A1E7A4F7556}") = "Phenix.Tools.EntityBuilder_MySQL", "Phenix.Extensions\Phenix.Tools\Phenix.Tools.EntityBuilder\Phenix.Tools.EntityBuilder_MySQL.csproj", "{620C2504-B17F-4945-8A9E-4A0291BE54D9}"
EndProject
Project("{9A19103F-16F7-4668-BE54-9A1E7A4F7556}") = "Phenix.Tools.EntityBuilder_ORA", "Phenix.Extensions\Phenix.Tools\Phenix.Tools.EntityBuilder\Phenix.Tools.EntityBuilder_ORA.csproj", "{22662FE2-2EAE-4A5E-8867-F418691BF48B}"
EndProject
Project("{9A19103F-16F7-4668-BE54-9A1E7A4F7556}") = "Phenix.Services.DataExchange.Plugin_MySQL", "Phenix.Extensions\Phenix.Services.Plugin\Phenix.Services.DataExchange.Plugin\Phenix.Services.DataExchange.Plugin_MySQL.csproj", "{AF2E3546-F479-40B1-9DBF-ED0B900D6714}"
EndProject
Project("{9A19103F-16F7-4668-BE54-9A1E7A4F7556}") = "Phenix.Services.DataExchange.Plugin_ORA", "Phenix.Extensions\Phenix.Services.Plugin\Phenix.Services.DataExchange.Plugin\Phenix.Services.DataExchange.Plugin_ORA.csproj", "{BE2A1230-3955-4EF5-A2FD-599A427CB16C}"
EndProject
Project("{9A19103F-16F7-4668-BE54-9A1E7A4F7556}") = "Phenix.Services_MySQL", "Phenix.Extensions\Phenix.Services\Phenix.Services_MySQL.csproj", "{6FEE9204-B0D8-4BC9-916D-FDCD5AAF01E4}"
EndProject
Project("{9A19103F-16F7-4668-BE54-9A1E7A4F7556}") = "Phenix.Services_ORA", "Phenix.Extensions\Phenix.Services\Phenix.Services_ORA.csproj", "{27148442-5D9F-4846-95E2-006B714D0C61}"
EndProject
Global
	GlobalSection(SolutionConfigurationPlatforms) = preSolution
		Debug|Any CPU = Debug|Any CPU
		Release|Any CPU = Release|Any CPU
	EndGlobalSection
	GlobalSection(ProjectConfigurationPlatforms) = postSolution
		{FC4C581B-081D-4160-A295-D72CDEF22810}.Debug|Any CPU.ActiveCfg = Debug|Any CPU
		{FC4C581B-081D-4160-A295-D72CDEF22810}.Debug|Any CPU.Build.0 = Debug|Any CPU
		{FC4C581B-081D-4160-A295-D72CDEF22810}.Release|Any CPU.ActiveCfg = Release|Any CPU
		{FC4C581B-081D-4160-A295-D72CDEF22810}.Release|Any CPU.Build.0 = Release|Any CPU
		{D1679C40-A8C3-4312-BDBD-01E9E8E929D4}.Debug|Any CPU.ActiveCfg = Debug|Any CPU
		{D1679C40-A8C3-4312-BDBD-01E9E8E929D4}.Debug|Any CPU.Build.0 = Debug|Any CPU
		{D1679C40-A8C3-4312-BDBD-01E9E8E929D4}.Release|Any CPU.ActiveCfg = Release|Any CPU
		{D1679C40-A8C3-4312-BDBD-01E9E8E929D4}.Release|Any CPU.Build.0 = Release|Any CPU
		{05C63702-BE99-445E-BE8F-EBE894FFB8C6}.Debug|Any CPU.ActiveCfg = Debug|Any CPU
		{05C63702-BE99-445E-BE8F-EBE894FFB8C6}.Debug|Any CPU.Build.0 = Debug|Any CPU
		{05C63702-BE99-445E-BE8F-EBE894FFB8C6}.Release|Any CPU.ActiveCfg = Release|Any CPU
		{05C63702-BE99-445E-BE8F-EBE894FFB8C6}.Release|Any CPU.Build.0 = Release|Any CPU
		{EB09C083-59A9-4C00-BB4C-8185F8D09B68}.Debug|Any CPU.ActiveCfg = Debug|Any CPU
		{EB09C083-59A9-4C00-BB4C-8185F8D09B68}.Debug|Any CPU.Build.0 = Debug|Any CPU
		{EB09C083-59A9-4C00-BB4C-8185F8D09B68}.Release|Any CPU.ActiveCfg = Release|Any CPU
		{EB09C083-59A9-4C00-BB4C-8185F8D09B68}.Release|Any CPU.Build.0 = Release|Any CPU
		{AE48AC17-C7EE-4028-A6C1-C27B48FB0C9F}.Debug|Any CPU.ActiveCfg = Debug|Any CPU
		{AE48AC17-C7EE-4028-A6C1-C27B48FB0C9F}.Debug|Any CPU.Build.0 = Debug|Any CPU
		{AE48AC17-C7EE-4028-A6C1-C27B48FB0C9F}.Release|Any CPU.ActiveCfg = Release|Any CPU
		{AE48AC17-C7EE-4028-A6C1-C27B48FB0C9F}.Release|Any CPU.Build.0 = Release|Any CPU
		{B7ABDC01-CD82-4568-B0B8-75C9E8B5579A}.Debug|Any CPU.ActiveCfg = Debug|Any CPU
		{B7ABDC01-CD82-4568-B0B8-75C9E8B5579A}.Debug|Any CPU.Build.0 = Debug|Any CPU
		{B7ABDC01-CD82-4568-B0B8-75C9E8B5579A}.Release|Any CPU.ActiveCfg = Release|Any CPU
		{B7ABDC01-CD82-4568-B0B8-75C9E8B5579A}.Release|Any CPU.Build.0 = Release|Any CPU
		{AB5E4D4A-9A21-4BC5-8D60-9CF771D5D5A1}.Debug|Any CPU.ActiveCfg = Debug|Any CPU
		{AB5E4D4A-9A21-4BC5-8D60-9CF771D5D5A1}.Debug|Any CPU.Build.0 = Debug|Any CPU
		{AB5E4D4A-9A21-4BC5-8D60-9CF771D5D5A1}.Release|Any CPU.ActiveCfg = Release|Any CPU
		{AB5E4D4A-9A21-4BC5-8D60-9CF771D5D5A1}.Release|Any CPU.Build.0 = Release|Any CPU
		{97B2D8F3-8AE6-4AA5-932F-EA294E49205E}.Debug|Any CPU.ActiveCfg = Debug|Any CPU
		{97B2D8F3-8AE6-4AA5-932F-EA294E49205E}.Debug|Any CPU.Build.0 = Debug|Any CPU
		{97B2D8F3-8AE6-4AA5-932F-EA294E49205E}.Release|Any CPU.ActiveCfg = Release|Any CPU
		{97B2D8F3-8AE6-4AA5-932F-EA294E49205E}.Release|Any CPU.Build.0 = Release|Any CPU
		{64F3C8F8-B02C-4AE3-ABD4-B73665CDEE1D}.Debug|Any CPU.ActiveCfg = Debug|Any CPU
		{64F3C8F8-B02C-4AE3-ABD4-B73665CDEE1D}.Debug|Any CPU.Build.0 = Debug|Any CPU
		{64F3C8F8-B02C-4AE3-ABD4-B73665CDEE1D}.Release|Any CPU.ActiveCfg = Release|Any CPU
		{64F3C8F8-B02C-4AE3-ABD4-B73665CDEE1D}.Release|Any CPU.Build.0 = Release|Any CPU
		{5D8ABCED-D374-4F73-916A-6ED5C579A51B}.Debug|Any CPU.ActiveCfg = Debug|Any CPU
		{5D8ABCED-D374-4F73-916A-6ED5C579A51B}.Debug|Any CPU.Build.0 = Debug|Any CPU
		{5D8ABCED-D374-4F73-916A-6ED5C579A51B}.Release|Any CPU.ActiveCfg = Release|Any CPU
		{5D8ABCED-D374-4F73-916A-6ED5C579A51B}.Release|Any CPU.Build.0 = Release|Any CPU
		{8869A4BE-402C-4956-B7B5-EC79C934E30F}.Debug|Any CPU.ActiveCfg = Debug|Any CPU
		{8869A4BE-402C-4956-B7B5-EC79C934E30F}.Debug|Any CPU.Build.0 = Debug|Any CPU
		{8869A4BE-402C-4956-B7B5-EC79C934E30F}.Release|Any CPU.ActiveCfg = Release|Any CPU
		{8869A4BE-402C-4956-B7B5-EC79C934E30F}.Release|Any CPU.Build.0 = Release|Any CPU
		{7639E825-33EC-44FE-BD97-34EC24A9C90A}.Debug|Any CPU.ActiveCfg = Debug|Any CPU
		{7639E825-33EC-44FE-BD97-34EC24A9C90A}.Debug|Any CPU.Build.0 = Debug|Any CPU
		{7639E825-33EC-44FE-BD97-34EC24A9C90A}.Release|Any CPU.ActiveCfg = Release|Any CPU
		{7639E825-33EC-44FE-BD97-34EC24A9C90A}.Release|Any CPU.Build.0 = Release|Any CPU
		{3FC01207-1402-4801-8749-E9F4DF48BA69}.Debug|Any CPU.ActiveCfg = Debug|Any CPU
		{3FC01207-1402-4801-8749-E9F4DF48BA69}.Debug|Any CPU.Build.0 = Debug|Any CPU
		{3FC01207-1402-4801-8749-E9F4DF48BA69}.Release|Any CPU.ActiveCfg = Release|Any CPU
		{3FC01207-1402-4801-8749-E9F4DF48BA69}.Release|Any CPU.Build.0 = Release|Any CPU
		{A116D721-86ED-42E3-92B9-0F7F4C3D8FAB}.Debug|Any CPU.ActiveCfg = Debug|Any CPU
		{A116D721-86ED-42E3-92B9-0F7F4C3D8FAB}.Debug|Any CPU.Build.0 = Debug|Any CPU
		{A116D721-86ED-42E3-92B9-0F7F4C3D8FAB}.Release|Any CPU.ActiveCfg = Release|Any CPU
		{A116D721-86ED-42E3-92B9-0F7F4C3D8FAB}.Release|Any CPU.Build.0 = Release|Any CPU
		{72E41202-791D-46CA-B0CC-770A721D8C8E}.Debug|Any CPU.ActiveCfg = Debug|Any CPU
		{72E41202-791D-46CA-B0CC-770A721D8C8E}.Debug|Any CPU.Build.0 = Debug|Any CPU
		{72E41202-791D-46CA-B0CC-770A721D8C8E}.Release|Any CPU.ActiveCfg = Release|Any CPU
		{72E41202-791D-46CA-B0CC-770A721D8C8E}.Release|Any CPU.Build.0 = Release|Any CPU
		{0865E3AA-93B7-4448-BD4D-F5D69CEF7D15}.Debug|Any CPU.ActiveCfg = Debug|Any CPU
		{0865E3AA-93B7-4448-BD4D-F5D69CEF7D15}.Debug|Any CPU.Build.0 = Debug|Any CPU
		{0865E3AA-93B7-4448-BD4D-F5D69CEF7D15}.Release|Any CPU.ActiveCfg = Release|Any CPU
		{0865E3AA-93B7-4448-BD4D-F5D69CEF7D15}.Release|Any CPU.Build.0 = Release|Any CPU
		{B3F1EE33-F212-4C11-A01B-457D35EFD956}.Debug|Any CPU.ActiveCfg = Debug|Any CPU
		{B3F1EE33-F212-4C11-A01B-457D35EFD956}.Debug|Any CPU.Build.0 = Debug|Any CPU
		{B3F1EE33-F212-4C11-A01B-457D35EFD956}.Release|Any CPU.ActiveCfg = Release|Any CPU
		{B3F1EE33-F212-4C11-A01B-457D35EFD956}.Release|Any CPU.Build.0 = Release|Any CPU
		{B8457A44-5700-4B03-A7E9-A3EA093E6876}.Debug|Any CPU.ActiveCfg = Debug|Any CPU
		{B8457A44-5700-4B03-A7E9-A3EA093E6876}.Debug|Any CPU.Build.0 = Debug|Any CPU
		{B8457A44-5700-4B03-A7E9-A3EA093E6876}.Release|Any CPU.ActiveCfg = Release|Any CPU
		{B8457A44-5700-4B03-A7E9-A3EA093E6876}.Release|Any CPU.Build.0 = Release|Any CPU
		{E06A0B95-2F9D-4983-853E-8487B5B078EA}.Debug|Any CPU.ActiveCfg = Debug|Any CPU
		{E06A0B95-2F9D-4983-853E-8487B5B078EA}.Debug|Any CPU.Build.0 = Debug|Any CPU
		{E06A0B95-2F9D-4983-853E-8487B5B078EA}.Release|Any CPU.ActiveCfg = Release|Any CPU
		{E06A0B95-2F9D-4983-853E-8487B5B078EA}.Release|Any CPU.Build.0 = Release|Any CPU
		{0A03F9C1-FC0D-43DA-89AE-5FE5B77D802B}.Debug|Any CPU.ActiveCfg = Debug|Any CPU
		{0A03F9C1-FC0D-43DA-89AE-5FE5B77D802B}.Debug|Any CPU.Build.0 = Debug|Any CPU
		{0A03F9C1-FC0D-43DA-89AE-5FE5B77D802B}.Release|Any CPU.ActiveCfg = Release|Any CPU
		{0A03F9C1-FC0D-43DA-89AE-5FE5B77D802B}.Release|Any CPU.Build.0 = Release|Any CPU
		{E92D064B-DC09-4AC6-81D7-65066F88124B}.Debug|Any CPU.ActiveCfg = Debug|Any CPU
		{E92D064B-DC09-4AC6-81D7-65066F88124B}.Debug|Any CPU.Build.0 = Debug|Any CPU
		{E92D064B-DC09-4AC6-81D7-65066F88124B}.Release|Any CPU.ActiveCfg = Release|Any CPU
		{E92D064B-DC09-4AC6-81D7-65066F88124B}.Release|Any CPU.Build.0 = Release|Any CPU
		{9FCFD0CC-FFCF-4228-8E59-FFB5640A29B0}.Debug|Any CPU.ActiveCfg = Debug|Any CPU
		{9FCFD0CC-FFCF-4228-8E59-FFB5640A29B0}.Debug|Any CPU.Build.0 = Debug|Any CPU
		{9FCFD0CC-FFCF-4228-8E59-FFB5640A29B0}.Release|Any CPU.ActiveCfg = Release|Any CPU
		{9FCFD0CC-FFCF-4228-8E59-FFB5640A29B0}.Release|Any CPU.Build.0 = Release|Any CPU
		{F79485CC-3595-4FB6-9091-1CE674ED6B10}.Debug|Any CPU.ActiveCfg = Debug|Any CPU
		{F79485CC-3595-4FB6-9091-1CE674ED6B10}.Debug|Any CPU.Build.0 = Debug|Any CPU
		{F79485CC-3595-4FB6-9091-1CE674ED6B10}.Release|Any CPU.ActiveCfg = Release|Any CPU
		{F79485CC-3595-4FB6-9091-1CE674ED6B10}.Release|Any CPU.Build.0 = Release|Any CPU
		{EB3BE5CD-D212-467B-BDF9-B62BEF2351B6}.Debug|Any CPU.ActiveCfg = Debug|Any CPU
		{EB3BE5CD-D212-467B-BDF9-B62BEF2351B6}.Debug|Any CPU.Build.0 = Debug|Any CPU
		{EB3BE5CD-D212-467B-BDF9-B62BEF2351B6}.Release|Any CPU.ActiveCfg = Release|Any CPU
		{EB3BE5CD-D212-467B-BDF9-B62BEF2351B6}.Release|Any CPU.Build.0 = Release|Any CPU
		{5E915D8D-4B72-4146-92C4-722AA4FF5702}.Debug|Any CPU.ActiveCfg = Debug|Any CPU
		{5E915D8D-4B72-4146-92C4-722AA4FF5702}.Debug|Any CPU.Build.0 = Debug|Any CPU
		{5E915D8D-4B72-4146-92C4-722AA4FF5702}.Release|Any CPU.ActiveCfg = Release|Any CPU
		{5E915D8D-4B72-4146-92C4-722AA4FF5702}.Release|Any CPU.Build.0 = Release|Any CPU
		{2214965C-3E71-4C1E-AA36-055EC4F6C632}.Debug|Any CPU.ActiveCfg = Debug|Any CPU
		{2214965C-3E71-4C1E-AA36-055EC4F6C632}.Debug|Any CPU.Build.0 = Debug|Any CPU
		{2214965C-3E71-4C1E-AA36-055EC4F6C632}.Release|Any CPU.ActiveCfg = Release|Any CPU
		{2214965C-3E71-4C1E-AA36-055EC4F6C632}.Release|Any CPU.Build.0 = Release|Any CPU
		{A6D6F035-A063-4409-8415-F856027E80A3}.Debug|Any CPU.ActiveCfg = Debug|Any CPU
		{A6D6F035-A063-4409-8415-F856027E80A3}.Debug|Any CPU.Build.0 = Debug|Any CPU
		{A6D6F035-A063-4409-8415-F856027E80A3}.Release|Any CPU.ActiveCfg = Release|Any CPU
		{A6D6F035-A063-4409-8415-F856027E80A3}.Release|Any CPU.Build.0 = Release|Any CPU
		{BAB2EC6B-D7B0-4602-81A7-C3B4CB1FD195}.Debug|Any CPU.ActiveCfg = Debug|Any CPU
		{BAB2EC6B-D7B0-4602-81A7-C3B4CB1FD195}.Debug|Any CPU.Build.0 = Debug|Any CPU
		{BAB2EC6B-D7B0-4602-81A7-C3B4CB1FD195}.Release|Any CPU.ActiveCfg = Release|Any CPU
		{BAB2EC6B-D7B0-4602-81A7-C3B4CB1FD195}.Release|Any CPU.Build.0 = Release|Any CPU
		{620C2504-B17F-4945-8A9E-4A0291BE54D9}.Debug|Any CPU.ActiveCfg = Debug|Any CPU
		{620C2504-B17F-4945-8A9E-4A0291BE54D9}.Debug|Any CPU.Build.0 = Debug|Any CPU
		{620C2504-B17F-4945-8A9E-4A0291BE54D9}.Release|Any CPU.ActiveCfg = Release|Any CPU
		{620C2504-B17F-4945-8A9E-4A0291BE54D9}.Release|Any CPU.Build.0 = Release|Any CPU
		{22662FE2-2EAE-4A5E-8867-F418691BF48B}.Debug|Any CPU.ActiveCfg = Debug|Any CPU
		{22662FE2-2EAE-4A5E-8867-F418691BF48B}.Debug|Any CPU.Build.0 = Debug|Any CPU
		{22662FE2-2EAE-4A5E-8867-F418691BF48B}.Release|Any CPU.ActiveCfg = Release|Any CPU
		{22662FE2-2EAE-4A5E-8867-F418691BF48B}.Release|Any CPU.Build.0 = Release|Any CPU
		{AF2E3546-F479-40B1-9DBF-ED0B900D6714}.Debug|Any CPU.ActiveCfg = Debug|Any CPU
		{AF2E3546-F479-40B1-9DBF-ED0B900D6714}.Debug|Any CPU.Build.0 = Debug|Any CPU
		{AF2E3546-F479-40B1-9DBF-ED0B900D6714}.Release|Any CPU.ActiveCfg = Release|Any CPU
		{AF2E3546-F479-40B1-9DBF-ED0B900D6714}.Release|Any CPU.Build.0 = Release|Any CPU
		{BE2A1230-3955-4EF5-A2FD-599A427CB16C}.Debug|Any CPU.ActiveCfg = Debug|Any CPU
		{BE2A1230-3955-4EF5-A2FD-599A427CB16C}.Debug|Any CPU.Build.0 = Debug|Any CPU
		{BE2A1230-3955-4EF5-A2FD-599A427CB16C}.Release|Any CPU.ActiveCfg = Release|Any CPU
		{BE2A1230-3955-4EF5-A2FD-599A427CB16C}.Release|Any CPU.Build.0 = Release|Any CPU
		{6FEE9204-B0D8-4BC9-916D-FDCD5AAF01E4}.Debug|Any CPU.ActiveCfg = Debug|Any CPU
		{6FEE9204-B0D8-4BC9-916D-FDCD5AAF01E4}.Debug|Any CPU.Build.0 = Debug|Any CPU
		{6FEE9204-B0D8-4BC9-916D-FDCD5AAF01E4}.Release|Any CPU.ActiveCfg = Release|Any CPU
		{6FEE9204-B0D8-4BC9-916D-FDCD5AAF01E4}.Release|Any CPU.Build.0 = Release|Any CPU
		{27148442-5D9F-4846-95E2-006B714D0C61}.Debug|Any CPU.ActiveCfg = Debug|Any CPU
		{27148442-5D9F-4846-95E2-006B714D0C61}.Debug|Any CPU.Build.0 = Debug|Any CPU
		{27148442-5D9F-4846-95E2-006B714D0C61}.Release|Any CPU.ActiveCfg = Release|Any CPU
		{27148442-5D9F-4846-95E2-006B714D0C61}.Release|Any CPU.Build.0 = Release|Any CPU
	EndGlobalSection
	GlobalSection(SolutionProperties) = preSolution
		HideSolutionNode = FALSE
	EndGlobalSection
	GlobalSection(NestedProjects) = preSolution
		{D1679C40-A8C3-4312-BDBD-01E9E8E929D4} = {1140EBB7-3D04-4936-B893-FC46D34B8D01}
		{05C63702-BE99-445E-BE8F-EBE894FFB8C6} = {1140EBB7-3D04-4936-B893-FC46D34B8D01}
		{AE48AC17-C7EE-4028-A6C1-C27B48FB0C9F} = {B7AA29AA-B690-4002-8703-AC8C7DD37E2C}
		{B7ABDC01-CD82-4568-B0B8-75C9E8B5579A} = {B7AA29AA-B690-4002-8703-AC8C7DD37E2C}
		{AB5E4D4A-9A21-4BC5-8D60-9CF771D5D5A1} = {1140EBB7-3D04-4936-B893-FC46D34B8D01}
		{97B2D8F3-8AE6-4AA5-932F-EA294E49205E} = {B7AA29AA-B690-4002-8703-AC8C7DD37E2C}
		{64F3C8F8-B02C-4AE3-ABD4-B73665CDEE1D} = {1140EBB7-3D04-4936-B893-FC46D34B8D01}
		{5D8ABCED-D374-4F73-916A-6ED5C579A51B} = {B7AA29AA-B690-4002-8703-AC8C7DD37E2C}
		{8869A4BE-402C-4956-B7B5-EC79C934E30F} = {1140EBB7-3D04-4936-B893-FC46D34B8D01}
		{7639E825-33EC-44FE-BD97-34EC24A9C90A} = {B7AA29AA-B690-4002-8703-AC8C7DD37E2C}
		{3FC01207-1402-4801-8749-E9F4DF48BA69} = {B7AA29AA-B690-4002-8703-AC8C7DD37E2C}
		{A116D721-86ED-42E3-92B9-0F7F4C3D8FAB} = {1140EBB7-3D04-4936-B893-FC46D34B8D01}
		{72E41202-791D-46CA-B0CC-770A721D8C8E} = {B7AA29AA-B690-4002-8703-AC8C7DD37E2C}
		{0865E3AA-93B7-4448-BD4D-F5D69CEF7D15} = {B7AA29AA-B690-4002-8703-AC8C7DD37E2C}
		{B3F1EE33-F212-4C11-A01B-457D35EFD956} = {B7AA29AA-B690-4002-8703-AC8C7DD37E2C}
		{B8457A44-5700-4B03-A7E9-A3EA093E6876} = {1140EBB7-3D04-4936-B893-FC46D34B8D01}
		{E06A0B95-2F9D-4983-853E-8487B5B078EA} = {1140EBB7-3D04-4936-B893-FC46D34B8D01}
		{0A03F9C1-FC0D-43DA-89AE-5FE5B77D802B} = {1140EBB7-3D04-4936-B893-FC46D34B8D01}
		{E92D064B-DC09-4AC6-81D7-65066F88124B} = {1140EBB7-3D04-4936-B893-FC46D34B8D01}
		{9FCFD0CC-FFCF-4228-8E59-FFB5640A29B0} = {B7AA29AA-B690-4002-8703-AC8C7DD37E2C}
		{F79485CC-3595-4FB6-9091-1CE674ED6B10} = {1140EBB7-3D04-4936-B893-FC46D34B8D01}
		{EB3BE5CD-D212-467B-BDF9-B62BEF2351B6} = {B7AA29AA-B690-4002-8703-AC8C7DD37E2C}
		{5E915D8D-4B72-4146-92C4-722AA4FF5702} = {1140EBB7-3D04-4936-B893-FC46D34B8D01}
		{2214965C-3E71-4C1E-AA36-055EC4F6C632} = {B7AA29AA-B690-4002-8703-AC8C7DD37E2C}
		{A6D6F035-A063-4409-8415-F856027E80A3} = {5C41758F-32B5-4B95-A055-C5364A037050}
		{BAB2EC6B-D7B0-4602-81A7-C3B4CB1FD195} = {5C41758F-32B5-4B95-A055-C5364A037050}
		{F4A600AF-3337-44A0-AAB7-5009768C92B3} = {5C41758F-32B5-4B95-A055-C5364A037050}
		{14444D69-D17D-4B97-B39B-1570D0B2EF13} = {5C41758F-32B5-4B95-A055-C5364A037050}
		{620C2504-B17F-4945-8A9E-4A0291BE54D9} = {14444D69-D17D-4B97-B39B-1570D0B2EF13}
		{22662FE2-2EAE-4A5E-8867-F418691BF48B} = {14444D69-D17D-4B97-B39B-1570D0B2EF13}
		{AF2E3546-F479-40B1-9DBF-ED0B900D6714} = {F4A600AF-3337-44A0-AAB7-5009768C92B3}
		{BE2A1230-3955-4EF5-A2FD-599A427CB16C} = {F4A600AF-3337-44A0-AAB7-5009768C92B3}
		{6FEE9204-B0D8-4BC9-916D-FDCD5AAF01E4} = {5C41758F-32B5-4B95-A055-C5364A037050}
		{27148442-5D9F-4846-95E2-006B714D0C61} = {5C41758F-32B5-4B95-A055-C5364A037050}
	EndGlobalSection
	GlobalSection(ExtensibilityGlobals) = postSolution
		SolutionGuid = {A9C8CF59-EE51-4301-9EAC-22750A624DD2}
	EndGlobalSection
EndGlobal
