
Microsoft Visual Studio Solution File, Format Version 12.00
# Visual Studio Version 17
VisualStudioVersion = 17.1.32228.430
MinimumVisualStudioVersion = 10.0.40219.1
Project("{9A19103F-16F7-4668-BE54-9A1E7A4F7556}") = "Phenix.iPost.ROS.Service", "Phenix.iPost.ROS.Service\Phenix.iPost.ROS.Service.csproj", "{AB5B6C02-B864-45FC-BA84-1C1147E221F6}"
EndProject
Project("{9A19103F-16F7-4668-BE54-9A1E7A4F7556}") = "Phenix.Common", "..\Phenix.Common\Phenix.Common.csproj", "{67B76A31-E7A7-40C4-9D56-D48771170327}"
EndProject
Project("{E53339B2-1760-4266-BCC7-CA923CBCF16C}") = "docker-compose", "docker-compose.dcproj", "{3E1A1A7C-1382-4F00-9E8B-809E2F681C30}"
EndProject
Global
	GlobalSection(SolutionConfigurationPlatforms) = preSolution
		Debug|Any CPU = Debug|Any CPU
		Release|Any CPU = Release|Any CPU
	EndGlobalSection
	GlobalSection(ProjectConfigurationPlatforms) = postSolution
		{AB5B6C02-B864-45FC-BA84-1C1147E221F6}.Debug|Any CPU.ActiveCfg = Debug|Any CPU
		{AB5B6C02-B864-45FC-BA84-1C1147E221F6}.Debug|Any CPU.Build.0 = Debug|Any CPU
		{AB5B6C02-B864-45FC-BA84-1C1147E221F6}.Release|Any CPU.ActiveCfg = Release|Any CPU
		{AB5B6C02-B864-45FC-BA84-1C1147E221F6}.Release|Any CPU.Build.0 = Release|Any CPU
		{67B76A31-E7A7-40C4-9D56-D48771170327}.Debug|Any CPU.ActiveCfg = Debug|Any CPU
		{67B76A31-E7A7-40C4-9D56-D48771170327}.Debug|Any CPU.Build.0 = Debug|Any CPU
		{67B76A31-E7A7-40C4-9D56-D48771170327}.Release|Any CPU.ActiveCfg = Release|Any CPU
		{67B76A31-E7A7-40C4-9D56-D48771170327}.Release|Any CPU.Build.0 = Release|Any CPU
		{3E1A1A7C-1382-4F00-9E8B-809E2F681C30}.Debug|Any CPU.ActiveCfg = Debug|Any CPU
		{3E1A1A7C-1382-4F00-9E8B-809E2F681C30}.Debug|Any CPU.Build.0 = Debug|Any CPU
		{3E1A1A7C-1382-4F00-9E8B-809E2F681C30}.Release|Any CPU.ActiveCfg = Release|Any CPU
		{3E1A1A7C-1382-4F00-9E8B-809E2F681C30}.Release|Any CPU.Build.0 = Release|Any CPU
	EndGlobalSection
	GlobalSection(SolutionProperties) = preSolution
		HideSolutionNode = FALSE
	EndGlobalSection
	GlobalSection(ExtensibilityGlobals) = postSolution
		SolutionGuid = {A9C8CF59-EE51-4301-9EAC-22750A624DD2}
	EndGlobalSection
EndGlobal
